
Microsoft Visual Studio Solution File, Format Version 12.00
# Visual Studio Version 16
VisualStudioVersion = 16.0.31112.23
MinimumVisualStudioVersion = 10.0.40219.1
Project("{FAE04EC0-301F-11D3-BF4B-00C04F79EFBC}") = "ITCenter_testApp_IS", "ITCenter_testApp_IS\ITCenter_testApp_IS.csproj", "{A6BD37D0-4CA2-4A32-A63E-E056CFC8A877}"
EndProject
Global
	GlobalSection(SolutionConfigurationPlatforms) = preSolution
		Debug|Any CPU = Debug|Any CPU
		Release|Any CPU = Release|Any CPU
	EndGlobalSection
	GlobalSection(ProjectConfigurationPlatforms) = postSolution
		{A6BD37D0-4CA2-4A32-A63E-E056CFC8A877}.Debug|Any CPU.ActiveCfg = Debug|Any CPU
		{A6BD37D0-4CA2-4A32-A63E-E056CFC8A877}.Debug|Any CPU.Build.0 = Debug|Any CPU
		{A6BD37D0-4CA2-4A32-A63E-E056CFC8A877}.Release|Any CPU.ActiveCfg = Release|Any CPU
		{A6BD37D0-4CA2-4A32-A63E-E056CFC8A877}.Release|Any CPU.Build.0 = Release|Any CPU
	EndGlobalSection
	GlobalSection(SolutionProperties) = preSolution
		HideSolutionNode = FALSE
	EndGlobalSection
	GlobalSection(ExtensibilityGlobals) = postSolution
		SolutionGuid = {60E5539E-2E33-4302-AA00-511A306891C0}
	EndGlobalSection
EndGlobal
